# Generated by pub
# See https://dart.dev/tools/pub/glossary#lockfile
packages:
  logger:
    dependency: "direct main"
    description:
      name: logger
      sha256: "697d067c60c20999686a0add96cf6aba723b3aa1f83ecf806a8097231529ec32"
      url: "https://pub.dev"
    source: hosted
    version: "2.4.0"
sdks:
  dart: ">=3.0.0 <4.0.0"
