# Generated by pub
# See https://dart.dev/tools/pub/glossary#lockfile
packages:
  logger:
    dependency: "direct main"
    description:
      name: logger
      sha256: be4b23575aac7ebf01f225a241eb7f6b5641eeaf43c6a8613510fc2f8cf187d1
      url: "https://pub.dev"
    source: hosted
    version: "2.5.0"
sdks:
  dart: ">=3.0.0 <4.0.0"
